
Microsoft Visual Studio Solution File, Format Version 12.00
# Visual Studio Version 17
VisualStudioVersion = 17.0.31612.314
MinimumVisualStudioVersion = 10.0.40219.1
Project("{2150E333-8FDC-42A3-9474-1A3956D46DE8}") = "csharp", "csharp", "{5CFE1C0C-A238-4966-8B41-2399D3F92947}"
EndProject
Project("{9A19103F-16F7-4668-BE54-9A1E7A4F7556}") = "CSharp10", "src\CSharp10\CSharp10.csproj", "{CEFA6E77-4DD9-44BF-9AFC-88E32373DD0A}"
EndProject
Project("{2150E333-8FDC-42A3-9474-1A3956D46DE8}") = "aspnetcore", "aspnetcore", "{CA6A9081-313D-4A57-87D5-DF1C92287CE2}"
EndProject
Project("{9A19103F-16F7-4668-BE54-9A1E7A4F7556}") = "MinimalApi", "src\AspNetCore\MinimalApi\MinimalApi.csproj", "{CF4F3C67-A047-41C5-BA12-2AAE13097899}"
EndProject
Project("{9A19103F-16F7-4668-BE54-9A1E7A4F7556}") = "HotReload", "src\AspNetCore\HotReload\HotReload.csproj", "{78C2435E-25A5-47A5-8CDA-6284FE6F3196}"
EndProject
Project("{9A19103F-16F7-4668-BE54-9A1E7A4F7556}") = "CSharp9", "src\CSharp9\CSharp9.csproj", "{480A8CC7-8F90-4DD5-866C-F6F001FE53EE}"
EndProject
Project("{9A19103F-16F7-4668-BE54-9A1E7A4F7556}") = "Http3", "src\AspNetCore\Http3\Http3.csproj", "{5F3FA90A-3D78-4B30-A613-7E966FFB43B0}"
EndProject
Project("{FAE04EC0-301F-11D3-BF4B-00C04F79EFBC}") = "UpgradeAssistantTest", "src\AspNetCore\UpgradeAssistantTest\UpgradeAssistantTest\UpgradeAssistantTest.csproj", "{6A58727A-4326-446A-A7B7-44FDEC9FD99E}"
EndProject
Global
	GlobalSection(SolutionConfigurationPlatforms) = preSolution
		Debug|Any CPU = Debug|Any CPU
		Debug|x64 = Debug|x64
		Debug|x86 = Debug|x86
		Release|Any CPU = Release|Any CPU
		Release|x64 = Release|x64
		Release|x86 = Release|x86
	EndGlobalSection
	GlobalSection(ProjectConfigurationPlatforms) = postSolution
		{CEFA6E77-4DD9-44BF-9AFC-88E32373DD0A}.Debug|Any CPU.ActiveCfg = Debug|Any CPU
		{CEFA6E77-4DD9-44BF-9AFC-88E32373DD0A}.Debug|Any CPU.Build.0 = Debug|Any CPU
		{CEFA6E77-4DD9-44BF-9AFC-88E32373DD0A}.Debug|x64.ActiveCfg = Debug|Any CPU
		{CEFA6E77-4DD9-44BF-9AFC-88E32373DD0A}.Debug|x64.Build.0 = Debug|Any CPU
		{CEFA6E77-4DD9-44BF-9AFC-88E32373DD0A}.Debug|x86.ActiveCfg = Debug|Any CPU
		{CEFA6E77-4DD9-44BF-9AFC-88E32373DD0A}.Debug|x86.Build.0 = Debug|Any CPU
		{CEFA6E77-4DD9-44BF-9AFC-88E32373DD0A}.Release|Any CPU.ActiveCfg = Release|Any CPU
		{CEFA6E77-4DD9-44BF-9AFC-88E32373DD0A}.Release|Any CPU.Build.0 = Release|Any CPU
		{CEFA6E77-4DD9-44BF-9AFC-88E32373DD0A}.Release|x64.ActiveCfg = Release|Any CPU
		{CEFA6E77-4DD9-44BF-9AFC-88E32373DD0A}.Release|x64.Build.0 = Release|Any CPU
		{CEFA6E77-4DD9-44BF-9AFC-88E32373DD0A}.Release|x86.ActiveCfg = Release|Any CPU
		{CEFA6E77-4DD9-44BF-9AFC-88E32373DD0A}.Release|x86.Build.0 = Release|Any CPU
		{CF4F3C67-A047-41C5-BA12-2AAE13097899}.Debug|Any CPU.ActiveCfg = Debug|Any CPU
		{CF4F3C67-A047-41C5-BA12-2AAE13097899}.Debug|Any CPU.Build.0 = Debug|Any CPU
		{CF4F3C67-A047-41C5-BA12-2AAE13097899}.Debug|x64.ActiveCfg = Debug|Any CPU
		{CF4F3C67-A047-41C5-BA12-2AAE13097899}.Debug|x64.Build.0 = Debug|Any CPU
		{CF4F3C67-A047-41C5-BA12-2AAE13097899}.Debug|x86.ActiveCfg = Debug|Any CPU
		{CF4F3C67-A047-41C5-BA12-2AAE13097899}.Debug|x86.Build.0 = Debug|Any CPU
		{CF4F3C67-A047-41C5-BA12-2AAE13097899}.Release|Any CPU.ActiveCfg = Release|Any CPU
		{CF4F3C67-A047-41C5-BA12-2AAE13097899}.Release|Any CPU.Build.0 = Release|Any CPU
		{CF4F3C67-A047-41C5-BA12-2AAE13097899}.Release|x64.ActiveCfg = Release|Any CPU
		{CF4F3C67-A047-41C5-BA12-2AAE13097899}.Release|x64.Build.0 = Release|Any CPU
		{CF4F3C67-A047-41C5-BA12-2AAE13097899}.Release|x86.ActiveCfg = Release|Any CPU
		{CF4F3C67-A047-41C5-BA12-2AAE13097899}.Release|x86.Build.0 = Release|Any CPU
		{78C2435E-25A5-47A5-8CDA-6284FE6F3196}.Debug|Any CPU.ActiveCfg = Debug|Any CPU
		{78C2435E-25A5-47A5-8CDA-6284FE6F3196}.Debug|Any CPU.Build.0 = Debug|Any CPU
		{78C2435E-25A5-47A5-8CDA-6284FE6F3196}.Debug|x64.ActiveCfg = Debug|Any CPU
		{78C2435E-25A5-47A5-8CDA-6284FE6F3196}.Debug|x64.Build.0 = Debug|Any CPU
		{78C2435E-25A5-47A5-8CDA-6284FE6F3196}.Debug|x86.ActiveCfg = Debug|Any CPU
		{78C2435E-25A5-47A5-8CDA-6284FE6F3196}.Debug|x86.Build.0 = Debug|Any CPU
		{78C2435E-25A5-47A5-8CDA-6284FE6F3196}.Release|Any CPU.ActiveCfg = Release|Any CPU
		{78C2435E-25A5-47A5-8CDA-6284FE6F3196}.Release|Any CPU.Build.0 = Release|Any CPU
		{78C2435E-25A5-47A5-8CDA-6284FE6F3196}.Release|x64.ActiveCfg = Release|Any CPU
		{78C2435E-25A5-47A5-8CDA-6284FE6F3196}.Release|x64.Build.0 = Release|Any CPU
		{78C2435E-25A5-47A5-8CDA-6284FE6F3196}.Release|x86.ActiveCfg = Release|Any CPU
		{78C2435E-25A5-47A5-8CDA-6284FE6F3196}.Release|x86.Build.0 = Release|Any CPU
		{480A8CC7-8F90-4DD5-866C-F6F001FE53EE}.Debug|Any CPU.ActiveCfg = Debug|Any CPU
		{480A8CC7-8F90-4DD5-866C-F6F001FE53EE}.Debug|Any CPU.Build.0 = Debug|Any CPU
		{480A8CC7-8F90-4DD5-866C-F6F001FE53EE}.Debug|x64.ActiveCfg = Debug|Any CPU
		{480A8CC7-8F90-4DD5-866C-F6F001FE53EE}.Debug|x64.Build.0 = Debug|Any CPU
		{480A8CC7-8F90-4DD5-866C-F6F001FE53EE}.Debug|x86.ActiveCfg = Debug|Any CPU
		{480A8CC7-8F90-4DD5-866C-F6F001FE53EE}.Debug|x86.Build.0 = Debug|Any CPU
		{480A8CC7-8F90-4DD5-866C-F6F001FE53EE}.Release|Any CPU.ActiveCfg = Release|Any CPU
		{480A8CC7-8F90-4DD5-866C-F6F001FE53EE}.Release|Any CPU.Build.0 = Release|Any CPU
		{480A8CC7-8F90-4DD5-866C-F6F001FE53EE}.Release|x64.ActiveCfg = Release|Any CPU
		{480A8CC7-8F90-4DD5-866C-F6F001FE53EE}.Release|x64.Build.0 = Release|Any CPU
		{480A8CC7-8F90-4DD5-866C-F6F001FE53EE}.Release|x86.ActiveCfg = Release|Any CPU
		{480A8CC7-8F90-4DD5-866C-F6F001FE53EE}.Release|x86.Build.0 = Release|Any CPU
		{5F3FA90A-3D78-4B30-A613-7E966FFB43B0}.Debug|Any CPU.ActiveCfg = Debug|Any CPU
		{5F3FA90A-3D78-4B30-A613-7E966FFB43B0}.Debug|Any CPU.Build.0 = Debug|Any CPU
		{5F3FA90A-3D78-4B30-A613-7E966FFB43B0}.Debug|x64.ActiveCfg = Debug|Any CPU
		{5F3FA90A-3D78-4B30-A613-7E966FFB43B0}.Debug|x64.Build.0 = Debug|Any CPU
		{5F3FA90A-3D78-4B30-A613-7E966FFB43B0}.Debug|x86.ActiveCfg = Debug|Any CPU
		{5F3FA90A-3D78-4B30-A613-7E966FFB43B0}.Debug|x86.Build.0 = Debug|Any CPU
		{5F3FA90A-3D78-4B30-A613-7E966FFB43B0}.Release|Any CPU.ActiveCfg = Release|Any CPU
		{5F3FA90A-3D78-4B30-A613-7E966FFB43B0}.Release|Any CPU.Build.0 = Release|Any CPU
		{5F3FA90A-3D78-4B30-A613-7E966FFB43B0}.Release|x64.ActiveCfg = Release|Any CPU
		{5F3FA90A-3D78-4B30-A613-7E966FFB43B0}.Release|x64.Build.0 = Release|Any CPU
		{5F3FA90A-3D78-4B30-A613-7E966FFB43B0}.Release|x86.ActiveCfg = Release|Any CPU
		{5F3FA90A-3D78-4B30-A613-7E966FFB43B0}.Release|x86.Build.0 = Release|Any CPU
		{6A58727A-4326-446A-A7B7-44FDEC9FD99E}.Debug|Any CPU.ActiveCfg = Debug|Any CPU
		{6A58727A-4326-446A-A7B7-44FDEC9FD99E}.Debug|Any CPU.Build.0 = Debug|Any CPU
		{6A58727A-4326-446A-A7B7-44FDEC9FD99E}.Debug|x64.ActiveCfg = Debug|Any CPU
		{6A58727A-4326-446A-A7B7-44FDEC9FD99E}.Debug|x64.Build.0 = Debug|Any CPU
		{6A58727A-4326-446A-A7B7-44FDEC9FD99E}.Debug|x86.ActiveCfg = Debug|Any CPU
		{6A58727A-4326-446A-A7B7-44FDEC9FD99E}.Debug|x86.Build.0 = Debug|Any CPU
		{6A58727A-4326-446A-A7B7-44FDEC9FD99E}.Release|Any CPU.ActiveCfg = Release|Any CPU
		{6A58727A-4326-446A-A7B7-44FDEC9FD99E}.Release|Any CPU.Build.0 = Release|Any CPU
		{6A58727A-4326-446A-A7B7-44FDEC9FD99E}.Release|x64.ActiveCfg = Release|Any CPU
		{6A58727A-4326-446A-A7B7-44FDEC9FD99E}.Release|x64.Build.0 = Release|Any CPU
		{6A58727A-4326-446A-A7B7-44FDEC9FD99E}.Release|x86.ActiveCfg = Release|Any CPU
		{6A58727A-4326-446A-A7B7-44FDEC9FD99E}.Release|x86.Build.0 = Release|Any CPU
	EndGlobalSection
	GlobalSection(SolutionProperties) = preSolution
		HideSolutionNode = FALSE
	EndGlobalSection
	GlobalSection(NestedProjects) = preSolution
		{CEFA6E77-4DD9-44BF-9AFC-88E32373DD0A} = {5CFE1C0C-A238-4966-8B41-2399D3F92947}
		{CF4F3C67-A047-41C5-BA12-2AAE13097899} = {CA6A9081-313D-4A57-87D5-DF1C92287CE2}
		{78C2435E-25A5-47A5-8CDA-6284FE6F3196} = {CA6A9081-313D-4A57-87D5-DF1C92287CE2}
		{480A8CC7-8F90-4DD5-866C-F6F001FE53EE} = {5CFE1C0C-A238-4966-8B41-2399D3F92947}
		{5F3FA90A-3D78-4B30-A613-7E966FFB43B0} = {CA6A9081-313D-4A57-87D5-DF1C92287CE2}
		{6A58727A-4326-446A-A7B7-44FDEC9FD99E} = {CA6A9081-313D-4A57-87D5-DF1C92287CE2}
	EndGlobalSection
	GlobalSection(ExtensibilityGlobals) = postSolution
		SolutionGuid = {38C5CFBF-CDDA-4976-A17B-BC1DAD63CB62}
	EndGlobalSection
EndGlobal
