
Microsoft Visual Studio Solution File, Format Version 12.00
# Visual Studio Version 17
VisualStudioVersion = 17.0.31612.314
MinimumVisualStudioVersion = 10.0.40219.1
Project("{2150E333-8FDC-42A3-9474-1A3956D46DE8}") = "csharp10", "csharp10", "{5CFE1C0C-A238-4966-8B41-2399D3F92947}"
EndProject
Project("{9A19103F-16F7-4668-BE54-9A1E7A4F7556}") = "CSharp10", "src\CSharp10\CSharp10.csproj", "{CEFA6E77-4DD9-44BF-9AFC-88E32373DD0A}"
EndProject
Project("{2150E333-8FDC-42A3-9474-1A3956D46DE8}") = "aspnetcore", "aspnetcore", "{CA6A9081-313D-4A57-87D5-DF1C92287CE2}"
EndProject
Project("{9A19103F-16F7-4668-BE54-9A1E7A4F7556}") = "MinimalApi", "src\AspNetCore\MinimalApi\MinimalApi.csproj", "{CF4F3C67-A047-41C5-BA12-2AAE13097899}"
EndProject
Global
	GlobalSection(SolutionConfigurationPlatforms) = preSolution
		Debug|Any CPU = Debug|Any CPU
		Debug|x64 = Debug|x64
		Debug|x86 = Debug|x86
		Release|Any CPU = Release|Any CPU
		Release|x64 = Release|x64
		Release|x86 = Release|x86
	EndGlobalSection
	GlobalSection(ProjectConfigurationPlatforms) = postSolution
		{CEFA6E77-4DD9-44BF-9AFC-88E32373DD0A}.Debug|Any CPU.ActiveCfg = Debug|Any CPU
		{CEFA6E77-4DD9-44BF-9AFC-88E32373DD0A}.Debug|Any CPU.Build.0 = Debug|Any CPU
		{CEFA6E77-4DD9-44BF-9AFC-88E32373DD0A}.Debug|x64.ActiveCfg = Debug|Any CPU
		{CEFA6E77-4DD9-44BF-9AFC-88E32373DD0A}.Debug|x64.Build.0 = Debug|Any CPU
		{CEFA6E77-4DD9-44BF-9AFC-88E32373DD0A}.Debug|x86.ActiveCfg = Debug|Any CPU
		{CEFA6E77-4DD9-44BF-9AFC-88E32373DD0A}.Debug|x86.Build.0 = Debug|Any CPU
		{CEFA6E77-4DD9-44BF-9AFC-88E32373DD0A}.Release|Any CPU.ActiveCfg = Release|Any CPU
		{CEFA6E77-4DD9-44BF-9AFC-88E32373DD0A}.Release|Any CPU.Build.0 = Release|Any CPU
		{CEFA6E77-4DD9-44BF-9AFC-88E32373DD0A}.Release|x64.ActiveCfg = Release|Any CPU
		{CEFA6E77-4DD9-44BF-9AFC-88E32373DD0A}.Release|x64.Build.0 = Release|Any CPU
		{CEFA6E77-4DD9-44BF-9AFC-88E32373DD0A}.Release|x86.ActiveCfg = Release|Any CPU
		{CEFA6E77-4DD9-44BF-9AFC-88E32373DD0A}.Release|x86.Build.0 = Release|Any CPU
		{CF4F3C67-A047-41C5-BA12-2AAE13097899}.Debug|Any CPU.ActiveCfg = Debug|Any CPU
		{CF4F3C67-A047-41C5-BA12-2AAE13097899}.Debug|Any CPU.Build.0 = Debug|Any CPU
		{CF4F3C67-A047-41C5-BA12-2AAE13097899}.Debug|x64.ActiveCfg = Debug|Any CPU
		{CF4F3C67-A047-41C5-BA12-2AAE13097899}.Debug|x64.Build.0 = Debug|Any CPU
		{CF4F3C67-A047-41C5-BA12-2AAE13097899}.Debug|x86.ActiveCfg = Debug|Any CPU
		{CF4F3C67-A047-41C5-BA12-2AAE13097899}.Debug|x86.Build.0 = Debug|Any CPU
		{CF4F3C67-A047-41C5-BA12-2AAE13097899}.Release|Any CPU.ActiveCfg = Release|Any CPU
		{CF4F3C67-A047-41C5-BA12-2AAE13097899}.Release|Any CPU.Build.0 = Release|Any CPU
		{CF4F3C67-A047-41C5-BA12-2AAE13097899}.Release|x64.ActiveCfg = Release|Any CPU
		{CF4F3C67-A047-41C5-BA12-2AAE13097899}.Release|x64.Build.0 = Release|Any CPU
		{CF4F3C67-A047-41C5-BA12-2AAE13097899}.Release|x86.ActiveCfg = Release|Any CPU
		{CF4F3C67-A047-41C5-BA12-2AAE13097899}.Release|x86.Build.0 = Release|Any CPU
	EndGlobalSection
	GlobalSection(SolutionProperties) = preSolution
		HideSolutionNode = FALSE
	EndGlobalSection
	GlobalSection(NestedProjects) = preSolution
		{CEFA6E77-4DD9-44BF-9AFC-88E32373DD0A} = {5CFE1C0C-A238-4966-8B41-2399D3F92947}
		{CF4F3C67-A047-41C5-BA12-2AAE13097899} = {CA6A9081-313D-4A57-87D5-DF1C92287CE2}
	EndGlobalSection
	GlobalSection(ExtensibilityGlobals) = postSolution
		SolutionGuid = {38C5CFBF-CDDA-4976-A17B-BC1DAD63CB62}
	EndGlobalSection
EndGlobal
